
Microsoft Visual Studio Solution File, Format Version 12.00
# Visual Studio Version 16
VisualStudioVersion = 16.0.33529.622
MinimumVisualStudioVersion = 10.0.40219.1
Project("{FAE04EC0-301F-11D3-BF4B-00C04F79EFBC}") = "webProjekat", "webProjekat\webProjekat.csproj", "{AC56D991-1CA7-496F-B636-72ACEA7C67B3}"
EndProject
Global
	GlobalSection(SolutionConfigurationPlatforms) = preSolution
		Debug|Any CPU = Debug|Any CPU
		Release|Any CPU = Release|Any CPU
	EndGlobalSection
	GlobalSection(ProjectConfigurationPlatforms) = postSolution
		{AC56D991-1CA7-496F-B636-72ACEA7C67B3}.Debug|Any CPU.ActiveCfg = Debug|Any CPU
		{AC56D991-1CA7-496F-B636-72ACEA7C67B3}.Debug|Any CPU.Build.0 = Debug|Any CPU
		{AC56D991-1CA7-496F-B636-72ACEA7C67B3}.Release|Any CPU.ActiveCfg = Release|Any CPU
		{AC56D991-1CA7-496F-B636-72ACEA7C67B3}.Release|Any CPU.Build.0 = Release|Any CPU
	EndGlobalSection
	GlobalSection(SolutionProperties) = preSolution
		HideSolutionNode = FALSE
	EndGlobalSection
	GlobalSection(ExtensibilityGlobals) = postSolution
		SolutionGuid = {8A138282-5447-4E42-BA49-C1261FF68DF1}
	EndGlobalSection
EndGlobal
